// !$*UTF8*$!
{
	archiveVersion = 1;
	classes = {
	};
	objectVersion = 46;
	objects = {

/* Begin PBXBuildFile section */
		DA9DA5401C48B243009C4B30 /* main.c in Sources */ = {isa = PBXBuildFile; fileRef = DA9DA53F1C48B243009C4B30 /* main.c */; };
/* End PBXBuildFile section */

/* Begin PBXCopyFilesBuildPhase section */
		DA9DA53A1C48B243009C4B30 /* CopyFiles */ = {
			isa = PBXCopyFilesBuildPhase;
			buildActionMask = 2147483647;
			dstPath = /usr/share/man/man1/;
			dstSubfolderSpec = 0;
			files = (
			);
			runOnlyForDeploymentPostprocessing = 1;
		};
/* End PBXCopyFilesBuildPhase section */

/* Begin PBXFileReference section */
		DA9DA53C1C48B243009C4B30 /* 7,9.DataTypes */ = {isa = PBXFileReference; explicitFileType = "compiled.mach-o.executable"; includeInIndex = 0; path = "7,9.DataTypes"; sourceTree = BUILT_PRODUCTS_DIR; };
		DA9DA53F1C48B243009C4B30 /* main.c */ = {isa = PBXFileReference; lastKnownFileType = sourcecode.c.c; path = main.c; sourceTree = "<group>"; };
/* End PBXFileReference section */

/* Begin PBXFrameworksBuildPhase section */
		DA9DA5391C48B243009C4B30 /* Frameworks */ = {
			isa = PBXFrameworksBuildPhase;
			buildActionMask = 2147483647;
			files = (
			);
			runOnlyForDeploymentPostprocessing = 0;
		};
/* End PBXFrameworksBuildPhase section */

/* Begin PBXGroup section */
		DA9DA5331C48B243009C4B30 = {
			isa = PBXGroup;
			children = (
				DA9DA53E1C48B243009C4B30 /* 7,9.DataTypes */,
				DA9DA53D1C48B243009C4B30 /* Products */,
			);
			sourceTree = "<group>";
		};
		DA9DA53D1C48B243009C4B30 /* Products */ = {
			isa = PBXGroup;
			children = (
				DA9DA53C1C48B243009C4B30 /* 7,9.DataTypes */,
			);
			name = Products;
			sourceTree = "<group>";
		};
		DA9DA53E1C48B243009C4B30 /* 7,9.DataTypes */ = {
			isa = PBXGroup;
			children = (
				DA9DA53F1C48B243009C4B30 /* main.c */,
			);
			path = "7,9.DataTypes";
			sourceTree = "<group>";
		};
/* End PBXGroup section */

/* Begin PBXNativeTarget section */
		DA9DA53B1C48B243009C4B30 /* 7,9.DataTypes */ = {
			isa = PBXNativeTarget;
			buildConfigurationList = DA9DA5431C48B243009C4B30 /* Build configuration list for PBXNativeTarget "7,9.DataTypes" */;
			buildPhases = (
				DA9DA5381C48B243009C4B30 /* Sources */,
				DA9DA5391C48B243009C4B30 /* Frameworks */,
				DA9DA53A1C48B243009C4B30 /* CopyFiles */,
			);
			buildRules = (
			);
			dependencies = (
			);
			name = "7,9.DataTypes";
			productName = "7,9.DataTypes";
			productReference = DA9DA53C1C48B243009C4B30 /* 7,9.DataTypes */;
			productType = "com.apple.product-type.tool";
		};
/* End PBXNativeTarget section */

/* Begin PBXProject section */
		DA9DA5341C48B243009C4B30 /* Project object */ = {
			isa = PBXProject;
			attributes = {
				LastUpgradeCheck = 0620;
				ORGANIZATIONNAME = Julianne;
				TargetAttributes = {
					DA9DA53B1C48B243009C4B30 = {
						CreatedOnToolsVersion = 6.2;
					};
				};
			};
			buildConfigurationList = DA9DA5371C48B243009C4B30 /* Build configuration list for PBXProject "7,9.DataTypes" */;
			compatibilityVersion = "Xcode 3.2";
			developmentRegion = English;
			hasScannedForEncodings = 0;
			knownRegions = (
				en,
			);
			mainGroup = DA9DA5331C48B243009C4B30;
			productRefGroup = DA9DA53D1C48B243009C4B30 /* Products */;
			projectDirPath = "";
			projectRoot = "";
			targets = (
				DA9DA53B1C48B243009C4B30 /* 7,9.DataTypes */,
			);
		};
/* End PBXProject section */

/* Begin PBXSourcesBuildPhase section */
		DA9DA5381C48B243009C4B30 /* Sources */ = {
			isa = PBXSourcesBuildPhase;
			buildActionMask = 2147483647;
			files = (
				DA9DA5401C48B243009C4B30 /* main.c in Sources */,
			);
			runOnlyForDeploymentPostprocessing = 0;
		};
/* End PBXSourcesBuildPhase section */

/* Begin XCBuildConfiguration section */
		DA9DA5411C48B243009C4B30 /* Debug */ = {
			isa = XCBuildConfiguration;
			buildSettings = {
				ALWAYS_SEARCH_USER_PATHS = NO;
				CLANG_CXX_LANGUAGE_STANDARD = "gnu++0x";
				CLANG_CXX_LIBRARY = "libc++";
				CLANG_ENABLE_MODULES = YES;
				CLANG_ENABLE_OBJC_ARC = YES;
				CLANG_WARN_BOOL_CONVERSION = YES;
				CLANG_WARN_CONSTANT_CONVERSION = YES;
				CLANG_WARN_DIRECT_OBJC_ISA_USAGE = YES_ERROR;
				CLANG_WARN_EMPTY_BODY = YES;
				CLANG_WARN_ENUM_CONVERSION = YES;
				CLANG_WARN_INT_CONVERSION = YES;
				CLANG_WARN_OBJC_ROOT_CLASS = YES_ERROR;
				CLANG_WARN_UNREACHABLE_CODE = YES;
				CLANG_WARN__DUPLICATE_METHOD_MATCH = YES;
				COPY_PHASE_STRIP = NO;
				ENABLE_STRICT_OBJC_MSGSEND = YES;
				GCC_C_LANGUAGE_STANDARD = gnu99;
				GCC_DYNAMIC_NO_PIC = NO;
				GCC_OPTIMIZATION_LEVEL = 0;
				GCC_PREPROCESSOR_DEFINITIONS = (
					"DEBUG=1",
					"$(inherited)",
				);
				GCC_SYMBOLS_PRIVATE_EXTERN = NO;
				GCC_WARN_64_TO_32_BIT_CONVERSION = YES;
				GCC_WARN_ABOUT_RETURN_TYPE = YES_ERROR;
				GCC_WARN_UNDECLARED_SELECTOR = YES;
				GCC_WARN_UNINITIALIZED_AUTOS = YES_AGGRESSIVE;
				GCC_WARN_UNUSED_FUNCTION = YES;
				GCC_WARN_UNUSED_VARIABLE = YES;
				MACOSX_DEPLOYMENT_TARGET = 10.9;
				MTL_ENABLE_DEBUG_INFO = YES;
				ONLY_ACTIVE_ARCH = YES;
				SDKROOT = macosx;
			};
			name = Debug;
		};
		DA9DA5421C48B243009C4B30 /* Release */ = {
			isa = XCBuildConfiguration;
			buildSettings = {
				ALWAYS_SEARCH_USER_PATHS = NO;
				CLANG_CXX_LANGUAGE_STANDARD = "gnu++0x";
				CLANG_CXX_LIBRARY = "libc++";
				CLANG_ENABLE_MODULES = YES;
				CLANG_ENABLE_OBJC_ARC = YES;
				CLANG_WARN_BOOL_CONVERSION = YES;
				CLANG_WARN_CONSTANT_CONVERSION = YES;
				CLANG_WARN_DIRECT_OBJC_ISA_USAGE = YES_ERROR;
				CLANG_WARN_EMPTY_BODY = YES;
				CLANG_WARN_ENUM_CONVERSION = YES;
				CLANG_WARN_INT_CONVERSION = YES;
				CLANG_WARN_OBJC_ROOT_CLASS = YES_ERROR;
				CLANG_WARN_UNREACHABLE_CODE = YES;
				CLANG_WARN__DUPLICATE_METHOD_MATCH = YES;
				COPY_PHASE_STRIP = NO;
				DEBUG_INFORMATION_FORMAT = "dwarf-with-dsym";
				ENABLE_NS_ASSERTIONS = NO;
				ENABLE_STRICT_OBJC_MSGSEND = YES;
				GCC_C_LANGUAGE_STANDARD = gnu99;
				GCC_WARN_64_TO_32_BIT_CONVERSION = YES;
				GCC_WARN_ABOUT_RETURN_TYPE = YES_ERROR;
				GCC_WARN_UNDECLARED_SELECTOR = YES;
				GCC_WARN_UNINITIALIZED_AUTOS = YES_AGGRESSIVE;
				GCC_WARN_UNUSED_FUNCTION = YES;
				GCC_WARN_UNUSED_VARIABLE = YES;
				MACOSX_DEPLOYMENT_TARGET = 10.9;
				MTL_ENABLE_DEBUG_INFO = NO;
				SDKROOT = macosx;
			};
			name = Release;
		};
		DA9DA5441C48B243009C4B30 /* Debug */ = {
			isa = XCBuildConfiguration;
			buildSettings = {
				PRODUCT_NAME = "$(TARGET_NAME)";
			};
			name = Debug;
		};
		DA9DA5451C48B243009C4B30 /* Release */ = {
			isa = XCBuildConfiguration;
			buildSettings = {
				PRODUCT_NAME = "$(TARGET_NAME)";
			};
			name = Release;
		};
/* End XCBuildConfiguration section */

/* Begin XCConfigurationList section */
		DA9DA5371C48B243009C4B30 /* Build configuration list for PBXProject "7,9.DataTypes" */ = {
			isa = XCConfigurationList;
			buildConfigurations = (
				DA9DA5411C48B243009C4B30 /* Debug */,
				DA9DA5421C48B243009C4B30 /* Release */,
			);
			defaultConfigurationIsVisible = 0;
			defaultConfigurationName = Release;
		};
		DA9DA5431C48B243009C4B30 /* Build configuration list for PBXNativeTarget "7,9.DataTypes" */ = {
			isa = XCConfigurationList;
			buildConfigurations = (
				DA9DA5441C48B243009C4B30 /* Debug */,
				DA9DA5451C48B243009C4B30 /* Release */,
			);
			defaultConfigurationIsVisible = 0;
		};
/* End XCConfigurationList section */
	};
	rootObject = DA9DA5341C48B243009C4B30 /* Project object */;
}
